
Microsoft Visual Studio Solution File, Format Version 12.00
# Visual Studio Version 17
VisualStudioVersion = 17.9.34714.143
MinimumVisualStudioVersion = 10.0.40219.1
Project("{FAE04EC0-301F-11D3-BF4B-00C04F79EFBC}") = "UiDesktopDemoApp", "UiDesktopDemoApp\UiDesktopDemoApp.csproj", "{48701D67-BE5F-4644-8772-BF82D78EF928}"
EndProject
Global
	GlobalSection(SolutionConfigurationPlatforms) = preSolution
		Debug|Any CPU = Debug|Any CPU
		Release|Any CPU = Release|Any CPU
	EndGlobalSection
	GlobalSection(ProjectConfigurationPlatforms) = postSolution
		{48701D67-BE5F-4644-8772-BF82D78EF928}.Debug|Any CPU.ActiveCfg = Debug|Any CPU
		{48701D67-BE5F-4644-8772-BF82D78EF928}.Debug|Any CPU.Build.0 = Debug|Any CPU
		{48701D67-BE5F-4644-8772-BF82D78EF928}.Release|Any CPU.ActiveCfg = Release|Any CPU
		{48701D67-BE5F-4644-8772-BF82D78EF928}.Release|Any CPU.Build.0 = Release|Any CPU
	EndGlobalSection
	GlobalSection(SolutionProperties) = preSolution
		HideSolutionNode = FALSE
	EndGlobalSection
	GlobalSection(ExtensibilityGlobals) = postSolution
		SolutionGuid = {602CE0BB-84E1-42BE-9ACC-5B86468568FF}
	EndGlobalSection
EndGlobal
